// !$*UTF8*$!
{
	archiveVersion = 1;
	classes = {
	};
	objectVersion = 46;
	objects = {

/* Begin PBXBuildFile section */
		B25E2B841ED8AB6B0050E240 /* AppDelegate.swift in Sources */ = {isa = PBXBuildFile; fileRef = B25E2B831ED8AB6B0050E240 /* AppDelegate.swift */; };
		B25E2B861ED8AB6B0050E240 /* ViewController.swift in Sources */ = {isa = PBXBuildFile; fileRef = B25E2B851ED8AB6B0050E240 /* ViewController.swift */; };
		B25E2B891ED8AB6B0050E240 /* Main.storyboard in Resources */ = {isa = PBXBuildFile; fileRef = B25E2B871ED8AB6B0050E240 /* Main.storyboard */; };
		B25E2B8B1ED8AB6B0050E240 /* Assets.xcassets in Resources */ = {isa = PBXBuildFile; fileRef = B25E2B8A1ED8AB6B0050E240 /* Assets.xcassets */; };
		B25E2B8E1ED8AB6B0050E240 /* LaunchScreen.storyboard in Resources */ = {isa = PBXBuildFile; fileRef = B25E2B8C1ED8AB6B0050E240 /* LaunchScreen.storyboard */; };
/* End PBXBuildFile section */

/* Begin PBXFileReference section */
		B25E2B801ED8AB6B0050E240 /* asfda.app */ = {isa = PBXFileReference; explicitFileType = wrapper.application; includeInIndex = 0; path = asfda.app; sourceTree = BUILT_PRODUCTS_DIR; };
		B25E2B831ED8AB6B0050E240 /* AppDelegate.swift */ = {isa = PBXFileReference; lastKnownFileType = sourcecode.swift; path = AppDelegate.swift; sourceTree = "<group>"; };
		B25E2B851ED8AB6B0050E240 /* ViewController.swift */ = {isa = PBXFileReference; lastKnownFileType = sourcecode.swift; path = ViewController.swift; sourceTree = "<group>"; };
		B25E2B881ED8AB6B0050E240 /* Base */ = {isa = PBXFileReference; lastKnownFileType = file.storyboard; name = Base; path = Base.lproj/Main.storyboard; sourceTree = "<group>"; };
		B25E2B8A1ED8AB6B0050E240 /* Assets.xcassets */ = {isa = PBXFileReference; lastKnownFileType = folder.assetcatalog; path = Assets.xcassets; sourceTree = "<group>"; };
		B25E2B8D1ED8AB6B0050E240 /* Base */ = {isa = PBXFileReference; lastKnownFileType = file.storyboard; name = Base; path = Base.lproj/LaunchScreen.storyboard; sourceTree = "<group>"; };
		B25E2B8F1ED8AB6B0050E240 /* Info.plist */ = {isa = PBXFileReference; lastKnownFileType = text.plist.xml; path = Info.plist; sourceTree = "<group>"; };
/* End PBXFileReference section */

/* Begin PBXFrameworksBuildPhase section */
		B25E2B7D1ED8AB6B0050E240 /* Frameworks */ = {
			isa = PBXFrameworksBuildPhase;
			buildActionMask = 2147483647;
			files = (
			);
			runOnlyForDeploymentPostprocessing = 0;
		};
/* End PBXFrameworksBuildPhase section */

/* Begin PBXGroup section */
		B25E2B771ED8AB6B0050E240 = {
			isa = PBXGroup;
			children = (
				B25E2B821ED8AB6B0050E240 /* asfda */,
				B25E2B811ED8AB6B0050E240 /* Products */,
			);
			sourceTree = "<group>";
		};
		B25E2B811ED8AB6B0050E240 /* Products */ = {
			isa = PBXGroup;
			children = (
				B25E2B801ED8AB6B0050E240 /* asfda.app */,
			);
			name = Products;
			sourceTree = "<group>";
		};
		B25E2B821ED8AB6B0050E240 /* asfda */ = {
			isa = PBXGroup;
			children = (
				B25E2B831ED8AB6B0050E240 /* AppDelegate.swift */,
				B25E2B851ED8AB6B0050E240 /* ViewController.swift */,
				B25E2B871ED8AB6B0050E240 /* Main.storyboard */,
				B25E2B8A1ED8AB6B0050E240 /* Assets.xcassets */,
				B25E2B8C1ED8AB6B0050E240 /* LaunchScreen.storyboard */,
				B25E2B8F1ED8AB6B0050E240 /* Info.plist */,
			);
			path = asfda;
			sourceTree = "<group>";
		};
/* End PBXGroup section */

/* Begin PBXNativeTarget section */
		B25E2B7F1ED8AB6B0050E240 /* asfda */ = {
			isa = PBXNativeTarget;
			buildConfigurationList = B25E2B921ED8AB6B0050E240 /* Build configuration list for PBXNativeTarget "asfda" */;
			buildPhases = (
				B25E2B7C1ED8AB6B0050E240 /* Sources */,
				B25E2B7D1ED8AB6B0050E240 /* Frameworks */,
				B25E2B7E1ED8AB6B0050E240 /* Resources */,
			);
			buildRules = (
			);
			dependencies = (
			);
			name = asfda;
			productName = asfda;
			productReference = B25E2B801ED8AB6B0050E240 /* asfda.app */;
			productType = "com.apple.product-type.application";
		};
/* End PBXNativeTarget section */

/* Begin PBXProject section */
		B25E2B781ED8AB6B0050E240 /* Project object */ = {
			isa = PBXProject;
			attributes = {
				LastSwiftUpdateCheck = 0830;
				LastUpgradeCheck = 0830;
				ORGANIZATIONNAME = Wylan;
				TargetAttributes = {
					B25E2B7F1ED8AB6B0050E240 = {
						CreatedOnToolsVersion = 8.3.2;
						ProvisioningStyle = Automatic;
					};
				};
			};
			buildConfigurationList = B25E2B7B1ED8AB6B0050E240 /* Build configuration list for PBXProject "asfda" */;
			compatibilityVersion = "Xcode 3.2";
			developmentRegion = English;
			hasScannedForEncodings = 0;
			knownRegions = (
				en,
				Base,
			);
			mainGroup = B25E2B771ED8AB6B0050E240;
			productRefGroup = B25E2B811ED8AB6B0050E240 /* Products */;
			projectDirPath = "";
			projectRoot = "";
			targets = (
				B25E2B7F1ED8AB6B0050E240 /* asfda */,
			);
		};
/* End PBXProject section */

/* Begin PBXResourcesBuildPhase section */
		B25E2B7E1ED8AB6B0050E240 /* Resources */ = {
			isa = PBXResourcesBuildPhase;
			buildActionMask = 2147483647;
			files = (
				B25E2B8E1ED8AB6B0050E240 /* LaunchScreen.storyboard in Resources */,
				B25E2B8B1ED8AB6B0050E240 /* Assets.xcassets in Resources */,
				B25E2B891ED8AB6B0050E240 /* Main.storyboard in Resources */,
			);
			runOnlyForDeploymentPostprocessing = 0;
		};
/* End PBXResourcesBuildPhase section */

/* Begin PBXSourcesBuildPhase section */
		B25E2B7C1ED8AB6B0050E240 /* Sources */ = {
			isa = PBXSourcesBuildPhase;
			buildActionMask = 2147483647;
			files = (
				B25E2B861ED8AB6B0050E240 /* ViewController.swift in Sources */,
				B25E2B841ED8AB6B0050E240 /* AppDelegate.swift in Sources */,
			);
			runOnlyForDeploymentPostprocessing = 0;
		};
/* End PBXSourcesBuildPhase section */

/* Begin PBXVariantGroup section */
		B25E2B871ED8AB6B0050E240 /* Main.storyboard */ = {
			isa = PBXVariantGroup;
			children = (
				B25E2B881ED8AB6B0050E240 /* Base */,
			);
			name = Main.storyboard;
			sourceTree = "<group>";
		};
		B25E2B8C1ED8AB6B0050E240 /* LaunchScreen.storyboard */ = {
			isa = PBXVariantGroup;
			children = (
				B25E2B8D1ED8AB6B0050E240 /* Base */,
			);
			name = LaunchScreen.storyboard;
			sourceTree = "<group>";
		};
/* End PBXVariantGroup section */

/* Begin XCBuildConfiguration section */
		B25E2B901ED8AB6B0050E240 /* Debug */ = {
			isa = XCBuildConfiguration;
			buildSettings = {
				ALWAYS_SEARCH_USER_PATHS = NO;
				CLANG_ANALYZER_NONNULL = YES;
				CLANG_ANALYZER_NUMBER_OBJECT_CONVERSION = YES_AGGRESSIVE;
				CLANG_CXX_LANGUAGE_STANDARD = "gnu++0x";
				CLANG_CXX_LIBRARY = "libc++";
				CLANG_ENABLE_MODULES = YES;
				CLANG_ENABLE_OBJC_ARC = YES;
				CLANG_WARN_BOOL_CONVERSION = YES;
				CLANG_WARN_CONSTANT_CONVERSION = YES;
				CLANG_WARN_DIRECT_OBJC_ISA_USAGE = YES_ERROR;
				CLANG_WARN_DOCUMENTATION_COMMENTS = YES;
				CLANG_WARN_EMPTY_BODY = YES;
				CLANG_WARN_ENUM_CONVERSION = YES;
				CLANG_WARN_INFINITE_RECURSION = YES;
				CLANG_WARN_INT_CONVERSION = YES;
				CLANG_WARN_OBJC_ROOT_CLASS = YES_ERROR;
				CLANG_WARN_SUSPICIOUS_MOVE = YES;
				CLANG_WARN_UNREACHABLE_CODE = YES;
				CLANG_WARN__DUPLICATE_METHOD_MATCH = YES;
				"CODE_SIGN_IDENTITY[sdk=iphoneos*]" = "iPhone Developer";
				COPY_PHASE_STRIP = NO;
				DEBUG_INFORMATION_FORMAT = dwarf;
				ENABLE_STRICT_OBJC_MSGSEND = YES;
				ENABLE_TESTABILITY = YES;
				GCC_C_LANGUAGE_STANDARD = gnu99;
				GCC_DYNAMIC_NO_PIC = NO;
				GCC_NO_COMMON_BLOCKS = YES;
				GCC_OPTIMIZATION_LEVEL = 0;
				GCC_PREPROCESSOR_DEFINITIONS = (
					"DEBUG=1",
					"$(inherited)",
				);
				GCC_WARN_64_TO_32_BIT_CONVERSION = YES;
				GCC_WARN_ABOUT_RETURN_TYPE = YES_ERROR;
				GCC_WARN_UNDECLARED_SELECTOR = YES;
				GCC_WARN_UNINITIALIZED_AUTOS = YES_AGGRESSIVE;
				GCC_WARN_UNUSED_FUNCTION = YES;
				GCC_WARN_UNUSED_VARIABLE = YES;
				IPHONEOS_DEPLOYMENT_TARGET = 10.3;
				MTL_ENABLE_DEBUG_INFO = YES;
				ONLY_ACTIVE_ARCH = YES;
				SDKROOT = iphoneos;
				SWIFT_ACTIVE_COMPILATION_CONDITIONS = DEBUG;
				SWIFT_OPTIMIZATION_LEVEL = "-Onone";
			};
			name = Debug;
		};
		B25E2B911ED8AB6B0050E240 /* Release */ = {
			isa = XCBuildConfiguration;
			buildSettings = {
				ALWAYS_SEARCH_USER_PATHS = NO;
				CLANG_ANALYZER_NONNULL = YES;
				CLANG_ANALYZER_NUMBER_OBJECT_CONVERSION = YES_AGGRESSIVE;
				CLANG_CXX_LANGUAGE_STANDARD = "gnu++0x";
				CLANG_CXX_LIBRARY = "libc++";
				CLANG_ENABLE_MODULES = YES;
				CLANG_ENABLE_OBJC_ARC = YES;
				CLANG_WARN_BOOL_CONVERSION = YES;
				CLANG_WARN_CONSTANT_CONVERSION = YES;
				CLANG_WARN_DIRECT_OBJC_ISA_USAGE = YES_ERROR;
				CLANG_WARN_DOCUMENTATION_COMMENTS = YES;
				CLANG_WARN_EMPTY_BODY = YES;
				CLANG_WARN_ENUM_CONVERSION = YES;
				CLANG_WARN_INFINITE_RECURSION = YES;
				CLANG_WARN_INT_CONVERSION = YES;
				CLANG_WARN_OBJC_ROOT_CLASS = YES_ERROR;
				CLANG_WARN_SUSPICIOUS_MOVE = YES;
				CLANG_WARN_UNREACHABLE_CODE = YES;
				CLANG_WARN__DUPLICATE_METHOD_MATCH = YES;
				"CODE_SIGN_IDENTITY[sdk=iphoneos*]" = "iPhone Developer";
				COPY_PHASE_STRIP = NO;
				DEBUG_INFORMATION_FORMAT = "dwarf-with-dsym";
				ENABLE_NS_ASSERTIONS = NO;
				ENABLE_STRICT_OBJC_MSGSEND = YES;
				GCC_C_LANGUAGE_STANDARD = gnu99;
				GCC_NO_COMMON_BLOCKS = YES;
				GCC_WARN_64_TO_32_BIT_CONVERSION = YES;
				GCC_WARN_ABOUT_RETURN_TYPE = YES_ERROR;
				GCC_WARN_UNDECLARED_SELECTOR = YES;
				GCC_WARN_UNINITIALIZED_AUTOS = YES_AGGRESSIVE;
				GCC_WARN_UNUSED_FUNCTION = YES;
				GCC_WARN_UNUSED_VARIABLE = YES;
				IPHONEOS_DEPLOYMENT_TARGET = 10.3;
				MTL_ENABLE_DEBUG_INFO = NO;
				SDKROOT = iphoneos;
				SWIFT_OPTIMIZATION_LEVEL = "-Owholemodule";
				VALIDATE_PRODUCT = YES;
			};
			name = Release;
		};
		B25E2B931ED8AB6B0050E240 /* Debug */ = {
			isa = XCBuildConfiguration;
			buildSettings = {
				ASSETCATALOG_COMPILER_APPICON_NAME = AppIcon;
				INFOPLIST_FILE = asfda/Info.plist;
				LD_RUNPATH_SEARCH_PATHS = "$(inherited) @executable_path/Frameworks";
				PRODUCT_BUNDLE_IDENTIFIER = com.wylan.ObjC.asfda;
				PRODUCT_NAME = "$(TARGET_NAME)";
				SWIFT_VERSION = 3.0;
			};
			name = Debug;
		};
		B25E2B941ED8AB6B0050E240 /* Release */ = {
			isa = XCBuildConfiguration;
			buildSettings = {
				ASSETCATALOG_COMPILER_APPICON_NAME = AppIcon;
				INFOPLIST_FILE = asfda/Info.plist;
				LD_RUNPATH_SEARCH_PATHS = "$(inherited) @executable_path/Frameworks";
				PRODUCT_BUNDLE_IDENTIFIER = com.wylan.ObjC.asfda;
				PRODUCT_NAME = "$(TARGET_NAME)";
				SWIFT_VERSION = 3.0;
			};
			name = Release;
		};
/* End XCBuildConfiguration section */

/* Begin XCConfigurationList section */
		B25E2B7B1ED8AB6B0050E240 /* Build configuration list for PBXProject "asfda" */ = {
			isa = XCConfigurationList;
			buildConfigurations = (
				B25E2B901ED8AB6B0050E240 /* Debug */,
				B25E2B911ED8AB6B0050E240 /* Release */,
			);
			defaultConfigurationIsVisible = 0;
			defaultConfigurationName = Release;
		};
		B25E2B921ED8AB6B0050E240 /* Build configuration list for PBXNativeTarget "asfda" */ = {
			isa = XCConfigurationList;
			buildConfigurations = (
				B25E2B931ED8AB6B0050E240 /* Debug */,
				B25E2B941ED8AB6B0050E240 /* Release */,
			);
			defaultConfigurationIsVisible = 0;
		};
/* End XCConfigurationList section */
	};
	rootObject = B25E2B781ED8AB6B0050E240 /* Project object */;
}
